
Microsoft Visual Studio Solution File, Format Version 12.00
# Visual Studio Version 17
VisualStudioVersion = 17.14.36301.6 d17.14
MinimumVisualStudioVersion = 10.0.40219.1
Project("{FAE04EC0-301F-11D3-BF4B-00C04F79EFBC}") = "Codexly", "Codexly.csproj", "{BB59B182-0092-4E20-8967-36030443B099}"
EndProject
Global
	GlobalSection(SolutionConfigurationPlatforms) = preSolution
		Debug|Any CPU = Debug|Any CPU
		Release|Any CPU = Release|Any CPU
	EndGlobalSection
	GlobalSection(ProjectConfigurationPlatforms) = postSolution
		{BB59B182-0092-4E20-8967-36030443B099}.Debug|Any CPU.ActiveCfg = Debug|Any CPU
		{BB59B182-0092-4E20-8967-36030443B099}.Debug|Any CPU.Build.0 = Debug|Any CPU
		{BB59B182-0092-4E20-8967-36030443B099}.Release|Any CPU.ActiveCfg = Release|Any CPU
		{BB59B182-0092-4E20-8967-36030443B099}.Release|Any CPU.Build.0 = Release|Any CPU
	EndGlobalSection
	GlobalSection(SolutionProperties) = preSolution
		HideSolutionNode = FALSE
	EndGlobalSection
	GlobalSection(ExtensibilityGlobals) = postSolution
		SolutionGuid = {F15BAE4E-5E6D-41E7-B356-D7E2A952AE80}
	EndGlobalSection
EndGlobal
